{
  "originHash" : "c6a1f8cb26522cfb9332b8193f94acebd957f364aea9f684e7a94bdd77e48a3e",
  "pins" : [
    {
      "identity" : "ios-lite-sdk",
      "kind" : "remoteSourceControl",
      "location" : "https://github.com/BKMExpress/iOS-Lite-SDK.git",
      "state" : {
        "branch" : "main",
        "revision" : "8a0941dd3c41c8098a49e259cec39ce88649244c"
      }
    }
  ],
  "version" : 3
}
